
Microsoft Visual Studio Solution File, Format Version 12.00
# Visual Studio Version 16
VisualStudioVersion = 16.0.29215.179
MinimumVisualStudioVersion = 10.0.40219.1
Project("{FAE04EC0-301F-11D3-BF4B-00C04F79EFBC}") = "TrashCollector", "TrashCollector\TrashCollector.csproj", "{CA668F21-4A02-4C7C-A137-93886D1BA401}"
EndProject
Global
	GlobalSection(SolutionConfigurationPlatforms) = preSolution
		Debug|Any CPU = Debug|Any CPU
		Release|Any CPU = Release|Any CPU
	EndGlobalSection
	GlobalSection(ProjectConfigurationPlatforms) = postSolution
		{CA668F21-4A02-4C7C-A137-93886D1BA401}.Debug|Any CPU.ActiveCfg = Debug|Any CPU
		{CA668F21-4A02-4C7C-A137-93886D1BA401}.Debug|Any CPU.Build.0 = Debug|Any CPU
		{CA668F21-4A02-4C7C-A137-93886D1BA401}.Release|Any CPU.ActiveCfg = Release|Any CPU
		{CA668F21-4A02-4C7C-A137-93886D1BA401}.Release|Any CPU.Build.0 = Release|Any CPU
	EndGlobalSection
	GlobalSection(SolutionProperties) = preSolution
		HideSolutionNode = FALSE
	EndGlobalSection
	GlobalSection(ExtensibilityGlobals) = postSolution
		SolutionGuid = {AC56C978-89DF-4979-BB56-64B499657524}
	EndGlobalSection
EndGlobal
